{
  "nodes": {
    "nixpkgs": {
      "locked": {
        "lastModified": 1661541451,
        "narHash": "sha256-LALyT63vpo1sftSmHAbbrj+emfCOo93Jv4xVOIcmnl0=",
        "owner": "NixOS",
        "repo": "nixpkgs",
        "rev": "38e16b192af13ff6cffc8a35a25f390f1e96b585",
        "type": "github"
      },
      "original": {
        "owner": "NixOS",
        "ref": "nixos-unstable",
        "repo": "nixpkgs",
        "type": "github"
      }
    },
    "root": {
      "inputs": {
        "nixpkgs": "nixpkgs"
      }
    }
  },
  "root": "root",
  "version": 7
}
